
Microsoft Visual Studio Solution File, Format Version 12.00
# Visual Studio Version 17
VisualStudioVersion = 17.14.37027.9 d17.14
MinimumVisualStudioVersion = 10.0.40219.1
Project("{FAE04EC0-301F-11D3-BF4B-00C04F79EFBC}") = "InbentarioaUnmi", "InbentarioaUnmi.csproj", "{5087AA69-326A-4324-9AF8-6BB8DC061CE1}"
EndProject
Global
	GlobalSection(SolutionConfigurationPlatforms) = preSolution
		Debug|Any CPU = Debug|Any CPU
		Release|Any CPU = Release|Any CPU
	EndGlobalSection
	GlobalSection(ProjectConfigurationPlatforms) = postSolution
		{5087AA69-326A-4324-9AF8-6BB8DC061CE1}.Debug|Any CPU.ActiveCfg = Debug|Any CPU
		{5087AA69-326A-4324-9AF8-6BB8DC061CE1}.Debug|Any CPU.Build.0 = Debug|Any CPU
		{5087AA69-326A-4324-9AF8-6BB8DC061CE1}.Release|Any CPU.ActiveCfg = Release|Any CPU
		{5087AA69-326A-4324-9AF8-6BB8DC061CE1}.Release|Any CPU.Build.0 = Release|Any CPU
	EndGlobalSection
	GlobalSection(SolutionProperties) = preSolution
		HideSolutionNode = FALSE
	EndGlobalSection
	GlobalSection(ExtensibilityGlobals) = postSolution
		SolutionGuid = {14E77DC1-820C-4E23-B350-CFB84276E135}
	EndGlobalSection
EndGlobal
